
Microsoft Visual Studio Solution File, Format Version 12.00
# Visual Studio Version 17
VisualStudioVersion = 17.8.34525.116
MinimumVisualStudioVersion = 10.0.40219.1
Project("{FAE04EC0-301F-11D3-BF4B-00C04F79EFBC}") = "ConsoleApp1", "ConsoleApp1\ConsoleApp1.csproj", "{08FA4CDE-41BC-4988-B84F-3082841CFBDD}"
EndProject
Global
	GlobalSection(SolutionConfigurationPlatforms) = preSolution
		Debug|Any CPU = Debug|Any CPU
		Release|Any CPU = Release|Any CPU
	EndGlobalSection
	GlobalSection(ProjectConfigurationPlatforms) = postSolution
		{08FA4CDE-41BC-4988-B84F-3082841CFBDD}.Debug|Any CPU.ActiveCfg = Debug|Any CPU
		{08FA4CDE-41BC-4988-B84F-3082841CFBDD}.Debug|Any CPU.Build.0 = Debug|Any CPU
		{08FA4CDE-41BC-4988-B84F-3082841CFBDD}.Release|Any CPU.ActiveCfg = Release|Any CPU
		{08FA4CDE-41BC-4988-B84F-3082841CFBDD}.Release|Any CPU.Build.0 = Release|Any CPU
	EndGlobalSection
	GlobalSection(SolutionProperties) = preSolution
		HideSolutionNode = FALSE
	EndGlobalSection
	GlobalSection(ExtensibilityGlobals) = postSolution
		SolutionGuid = {55308A6C-7773-4E9D-9B94-F982F9B8D236}
	EndGlobalSection
EndGlobal
